// !$*UTF8*$!
{
	archiveVersion = 1;
	classes = {
	};
	objectVersion = 46;
	objects = {

/* Begin PBXBuildFile section */
		A6BD01AA1C2D146800A70298 /* main.m in Sources */ = {isa = PBXBuildFile; fileRef = A6BD01A91C2D146800A70298 /* main.m */; };
		A6BD01AD1C2D146800A70298 /* AppDelegate.m in Sources */ = {isa = PBXBuildFile; fileRef = A6BD01AC1C2D146800A70298 /* AppDelegate.m */; };
		A6BD01B31C2D146800A70298 /* Main.storyboard in Resources */ = {isa = PBXBuildFile; fileRef = A6BD01B11C2D146800A70298 /* Main.storyboard */; };
		A6BD01B51C2D146800A70298 /* Assets.xcassets in Resources */ = {isa = PBXBuildFile; fileRef = A6BD01B41C2D146800A70298 /* Assets.xcassets */; };
		A6BD01B81C2D146800A70298 /* LaunchScreen.storyboard in Resources */ = {isa = PBXBuildFile; fileRef = A6BD01B61C2D146800A70298 /* LaunchScreen.storyboard */; };
		A6BD01C51C2D15BA00A70298 /* RootIndexTableViewController.m in Sources */ = {isa = PBXBuildFile; fileRef = A6BD01C41C2D15BA00A70298 /* RootIndexTableViewController.m */; };
		A6BD01C91C2D166F00A70298 /* LabelParagraphStyleViewController.m in Sources */ = {isa = PBXBuildFile; fileRef = A6BD01C71C2D166F00A70298 /* LabelParagraphStyleViewController.m */; };
		A6BD01CA1C2D166F00A70298 /* LabelParagraphStyleViewController.xib in Resources */ = {isa = PBXBuildFile; fileRef = A6BD01C81C2D166F00A70298 /* LabelParagraphStyleViewController.xib */; };
		A6BD01CD1C2D17CB00A70298 /* RootIndexTableViewCell.m in Sources */ = {isa = PBXBuildFile; fileRef = A6BD01CC1C2D17CB00A70298 /* RootIndexTableViewCell.m */; };
		CDD9535477762E771A89E2E6 /* Pods_WDCodeSnippetsProject.framework in Frameworks */ = {isa = PBXBuildFile; fileRef = EE3545765074194CA70E7AFB /* Pods_WDCodeSnippetsProject.framework */; };
/* End PBXBuildFile section */

/* Begin PBXFileReference section */
		6460178D907905831B95796C /* Pods-WDCodeSnippetsProject.debug.xcconfig */ = {isa = PBXFileReference; includeInIndex = 1; lastKnownFileType = text.xcconfig; name = "Pods-WDCodeSnippetsProject.debug.xcconfig"; path = "Pods/Target Support Files/Pods-WDCodeSnippetsProject/Pods-WDCodeSnippetsProject.debug.xcconfig"; sourceTree = "<group>"; };
		A6BD01A51C2D146800A70298 /* WDCodeSnippetsProject.app */ = {isa = PBXFileReference; explicitFileType = wrapper.application; includeInIndex = 0; path = WDCodeSnippetsProject.app; sourceTree = BUILT_PRODUCTS_DIR; };
		A6BD01A91C2D146800A70298 /* main.m */ = {isa = PBXFileReference; lastKnownFileType = sourcecode.c.objc; path = main.m; sourceTree = "<group>"; };
		A6BD01AB1C2D146800A70298 /* AppDelegate.h */ = {isa = PBXFileReference; lastKnownFileType = sourcecode.c.h; path = AppDelegate.h; sourceTree = "<group>"; };
		A6BD01AC1C2D146800A70298 /* AppDelegate.m */ = {isa = PBXFileReference; lastKnownFileType = sourcecode.c.objc; path = AppDelegate.m; sourceTree = "<group>"; };
		A6BD01B21C2D146800A70298 /* Base */ = {isa = PBXFileReference; lastKnownFileType = file.storyboard; name = Base; path = Base.lproj/Main.storyboard; sourceTree = "<group>"; };
		A6BD01B41C2D146800A70298 /* Assets.xcassets */ = {isa = PBXFileReference; lastKnownFileType = folder.assetcatalog; path = Assets.xcassets; sourceTree = "<group>"; };
		A6BD01B71C2D146800A70298 /* Base */ = {isa = PBXFileReference; lastKnownFileType = file.storyboard; name = Base; path = Base.lproj/LaunchScreen.storyboard; sourceTree = "<group>"; };
		A6BD01B91C2D146800A70298 /* Info.plist */ = {isa = PBXFileReference; lastKnownFileType = text.plist.xml; path = Info.plist; sourceTree = "<group>"; };
		A6BD01C31C2D15BA00A70298 /* RootIndexTableViewController.h */ = {isa = PBXFileReference; fileEncoding = 4; lastKnownFileType = sourcecode.c.h; path = RootIndexTableViewController.h; sourceTree = "<group>"; };
		A6BD01C41C2D15BA00A70298 /* RootIndexTableViewController.m */ = {isa = PBXFileReference; fileEncoding = 4; lastKnownFileType = sourcecode.c.objc; path = RootIndexTableViewController.m; sourceTree = "<group>"; };
		A6BD01C61C2D166F00A70298 /* LabelParagraphStyleViewController.h */ = {isa = PBXFileReference; fileEncoding = 4; lastKnownFileType = sourcecode.c.h; path = LabelParagraphStyleViewController.h; sourceTree = "<group>"; };
		A6BD01C71C2D166F00A70298 /* LabelParagraphStyleViewController.m */ = {isa = PBXFileReference; fileEncoding = 4; lastKnownFileType = sourcecode.c.objc; path = LabelParagraphStyleViewController.m; sourceTree = "<group>"; };
		A6BD01C81C2D166F00A70298 /* LabelParagraphStyleViewController.xib */ = {isa = PBXFileReference; fileEncoding = 4; lastKnownFileType = file.xib; path = LabelParagraphStyleViewController.xib; sourceTree = "<group>"; };
		A6BD01CB1C2D17CB00A70298 /* RootIndexTableViewCell.h */ = {isa = PBXFileReference; fileEncoding = 4; lastKnownFileType = sourcecode.c.h; path = RootIndexTableViewCell.h; sourceTree = "<group>"; };
		A6BD01CC1C2D17CB00A70298 /* RootIndexTableViewCell.m */ = {isa = PBXFileReference; fileEncoding = 4; lastKnownFileType = sourcecode.c.objc; path = RootIndexTableViewCell.m; sourceTree = "<group>"; };
		EE3545765074194CA70E7AFB /* Pods_WDCodeSnippetsProject.framework */ = {isa = PBXFileReference; explicitFileType = wrapper.framework; includeInIndex = 0; path = Pods_WDCodeSnippetsProject.framework; sourceTree = BUILT_PRODUCTS_DIR; };
		FF59384394B38AF953709493 /* Pods-WDCodeSnippetsProject.release.xcconfig */ = {isa = PBXFileReference; includeInIndex = 1; lastKnownFileType = text.xcconfig; name = "Pods-WDCodeSnippetsProject.release.xcconfig"; path = "Pods/Target Support Files/Pods-WDCodeSnippetsProject/Pods-WDCodeSnippetsProject.release.xcconfig"; sourceTree = "<group>"; };
/* End PBXFileReference section */

/* Begin PBXFrameworksBuildPhase section */
		A6BD01A21C2D146800A70298 /* Frameworks */ = {
			isa = PBXFrameworksBuildPhase;
			buildActionMask = 2147483647;
			files = (
				CDD9535477762E771A89E2E6 /* Pods_WDCodeSnippetsProject.framework in Frameworks */,
			);
			runOnlyForDeploymentPostprocessing = 0;
		};
/* End PBXFrameworksBuildPhase section */

/* Begin PBXGroup section */
		086BDEC7BFCE058396ED3158 /* Frameworks */ = {
			isa = PBXGroup;
			children = (
				EE3545765074194CA70E7AFB /* Pods_WDCodeSnippetsProject.framework */,
			);
			name = Frameworks;
			sourceTree = "<group>";
		};
		298126DC4190DA041A39EBCF /* Pods */ = {
			isa = PBXGroup;
			children = (
				6460178D907905831B95796C /* Pods-WDCodeSnippetsProject.debug.xcconfig */,
				FF59384394B38AF953709493 /* Pods-WDCodeSnippetsProject.release.xcconfig */,
			);
			name = Pods;
			sourceTree = "<group>";
		};
		A6BD019C1C2D146800A70298 = {
			isa = PBXGroup;
			children = (
				A6BD01A71C2D146800A70298 /* WDCodeSnippetsProject */,
				A6BD01A61C2D146800A70298 /* Products */,
				298126DC4190DA041A39EBCF /* Pods */,
				086BDEC7BFCE058396ED3158 /* Frameworks */,
			);
			sourceTree = "<group>";
		};
		A6BD01A61C2D146800A70298 /* Products */ = {
			isa = PBXGroup;
			children = (
				A6BD01A51C2D146800A70298 /* WDCodeSnippetsProject.app */,
			);
			name = Products;
			sourceTree = "<group>";
		};
		A6BD01A71C2D146800A70298 /* WDCodeSnippetsProject */ = {
			isa = PBXGroup;
			children = (
				A6BD01BF1C2D155900A70298 /* UILabel行间距 */,
				A6BD01A81C2D146800A70298 /* Supporting Files */,
			);
			path = WDCodeSnippetsProject;
			sourceTree = "<group>";
		};
		A6BD01A81C2D146800A70298 /* Supporting Files */ = {
			isa = PBXGroup;
			children = (
				A6BD01B61C2D146800A70298 /* LaunchScreen.storyboard */,
				A6BD01AB1C2D146800A70298 /* AppDelegate.h */,
				A6BD01AC1C2D146800A70298 /* AppDelegate.m */,
				A6BD01B11C2D146800A70298 /* Main.storyboard */,
				A6BD01B41C2D146800A70298 /* Assets.xcassets */,
				A6BD01B91C2D146800A70298 /* Info.plist */,
				A6BD01A91C2D146800A70298 /* main.m */,
				A6BD01C31C2D15BA00A70298 /* RootIndexTableViewController.h */,
				A6BD01C41C2D15BA00A70298 /* RootIndexTableViewController.m */,
				A6BD01CB1C2D17CB00A70298 /* RootIndexTableViewCell.h */,
				A6BD01CC1C2D17CB00A70298 /* RootIndexTableViewCell.m */,
			);
			name = "Supporting Files";
			sourceTree = "<group>";
		};
		A6BD01BF1C2D155900A70298 /* UILabel行间距 */ = {
			isa = PBXGroup;
			children = (
				A6BD01C61C2D166F00A70298 /* LabelParagraphStyleViewController.h */,
				A6BD01C71C2D166F00A70298 /* LabelParagraphStyleViewController.m */,
				A6BD01C81C2D166F00A70298 /* LabelParagraphStyleViewController.xib */,
			);
			name = "UILabel行间距";
			sourceTree = "<group>";
		};
/* End PBXGroup section */

/* Begin PBXNativeTarget section */
		A6BD01A41C2D146800A70298 /* WDCodeSnippetsProject */ = {
			isa = PBXNativeTarget;
			buildConfigurationList = A6BD01BC1C2D146800A70298 /* Build configuration list for PBXNativeTarget "WDCodeSnippetsProject" */;
			buildPhases = (
				CB7AA40805D92BF325155EB1 /* Check Pods Manifest.lock */,
				A6BD01A11C2D146800A70298 /* Sources */,
				A6BD01A21C2D146800A70298 /* Frameworks */,
				A6BD01A31C2D146800A70298 /* Resources */,
				A8C9F3A44B8D943FE6DB9906 /* Embed Pods Frameworks */,
				21F49B02CCB5A5A80576A76E /* Copy Pods Resources */,
			);
			buildRules = (
			);
			dependencies = (
			);
			name = WDCodeSnippetsProject;
			productName = WDCodeSnippetsProject;
			productReference = A6BD01A51C2D146800A70298 /* WDCodeSnippetsProject.app */;
			productType = "com.apple.product-type.application";
		};
/* End PBXNativeTarget section */

/* Begin PBXProject section */
		A6BD019D1C2D146800A70298 /* Project object */ = {
			isa = PBXProject;
			attributes = {
				LastUpgradeCheck = 0720;
				ORGANIZATIONNAME = DNT;
				TargetAttributes = {
					A6BD01A41C2D146800A70298 = {
						CreatedOnToolsVersion = 7.2;
					};
				};
			};
			buildConfigurationList = A6BD01A01C2D146800A70298 /* Build configuration list for PBXProject "WDCodeSnippetsProject" */;
			compatibilityVersion = "Xcode 3.2";
			developmentRegion = English;
			hasScannedForEncodings = 0;
			knownRegions = (
				en,
				Base,
			);
			mainGroup = A6BD019C1C2D146800A70298;
			productRefGroup = A6BD01A61C2D146800A70298 /* Products */;
			projectDirPath = "";
			projectRoot = "";
			targets = (
				A6BD01A41C2D146800A70298 /* WDCodeSnippetsProject */,
			);
		};
/* End PBXProject section */

/* Begin PBXResourcesBuildPhase section */
		A6BD01A31C2D146800A70298 /* Resources */ = {
			isa = PBXResourcesBuildPhase;
			buildActionMask = 2147483647;
			files = (
				A6BD01CA1C2D166F00A70298 /* LabelParagraphStyleViewController.xib in Resources */,
				A6BD01B81C2D146800A70298 /* LaunchScreen.storyboard in Resources */,
				A6BD01B51C2D146800A70298 /* Assets.xcassets in Resources */,
				A6BD01B31C2D146800A70298 /* Main.storyboard in Resources */,
			);
			runOnlyForDeploymentPostprocessing = 0;
		};
/* End PBXResourcesBuildPhase section */

/* Begin PBXShellScriptBuildPhase section */
		21F49B02CCB5A5A80576A76E /* Copy Pods Resources */ = {
			isa = PBXShellScriptBuildPhase;
			buildActionMask = 2147483647;
			files = (
			);
			inputPaths = (
			);
			name = "Copy Pods Resources";
			outputPaths = (
			);
			runOnlyForDeploymentPostprocessing = 0;
			shellPath = /bin/sh;
			shellScript = "\"${SRCROOT}/Pods/Target Support Files/Pods-WDCodeSnippetsProject/Pods-WDCodeSnippetsProject-resources.sh\"\n";
			showEnvVarsInLog = 0;
		};
		A8C9F3A44B8D943FE6DB9906 /* Embed Pods Frameworks */ = {
			isa = PBXShellScriptBuildPhase;
			buildActionMask = 2147483647;
			files = (
			);
			inputPaths = (
			);
			name = "Embed Pods Frameworks";
			outputPaths = (
			);
			runOnlyForDeploymentPostprocessing = 0;
			shellPath = /bin/sh;
			shellScript = "\"${SRCROOT}/Pods/Target Support Files/Pods-WDCodeSnippetsProject/Pods-WDCodeSnippetsProject-frameworks.sh\"\n";
			showEnvVarsInLog = 0;
		};
		CB7AA40805D92BF325155EB1 /* Check Pods Manifest.lock */ = {
			isa = PBXShellScriptBuildPhase;
			buildActionMask = 2147483647;
			files = (
			);
			inputPaths = (
			);
			name = "Check Pods Manifest.lock";
			outputPaths = (
			);
			runOnlyForDeploymentPostprocessing = 0;
			shellPath = /bin/sh;
			shellScript = "diff \"${PODS_ROOT}/../Podfile.lock\" \"${PODS_ROOT}/Manifest.lock\" > /dev/null\nif [[ $? != 0 ]] ; then\n    cat << EOM\nerror: The sandbox is not in sync with the Podfile.lock. Run 'pod install' or update your CocoaPods installation.\nEOM\n    exit 1\nfi\n";
			showEnvVarsInLog = 0;
		};
/* End PBXShellScriptBuildPhase section */

/* Begin PBXSourcesBuildPhase section */
		A6BD01A11C2D146800A70298 /* Sources */ = {
			isa = PBXSourcesBuildPhase;
			buildActionMask = 2147483647;
			files = (
				A6BD01C91C2D166F00A70298 /* LabelParagraphStyleViewController.m in Sources */,
				A6BD01AD1C2D146800A70298 /* AppDelegate.m in Sources */,
				A6BD01C51C2D15BA00A70298 /* RootIndexTableViewController.m in Sources */,
				A6BD01AA1C2D146800A70298 /* main.m in Sources */,
				A6BD01CD1C2D17CB00A70298 /* RootIndexTableViewCell.m in Sources */,
			);
			runOnlyForDeploymentPostprocessing = 0;
		};
/* End PBXSourcesBuildPhase section */

/* Begin PBXVariantGroup section */
		A6BD01B11C2D146800A70298 /* Main.storyboard */ = {
			isa = PBXVariantGroup;
			children = (
				A6BD01B21C2D146800A70298 /* Base */,
			);
			name = Main.storyboard;
			sourceTree = "<group>";
		};
		A6BD01B61C2D146800A70298 /* LaunchScreen.storyboard */ = {
			isa = PBXVariantGroup;
			children = (
				A6BD01B71C2D146800A70298 /* Base */,
			);
			name = LaunchScreen.storyboard;
			sourceTree = "<group>";
		};
/* End PBXVariantGroup section */

/* Begin XCBuildConfiguration section */
		A6BD01BA1C2D146800A70298 /* Debug */ = {
			isa = XCBuildConfiguration;
			buildSettings = {
				ALWAYS_SEARCH_USER_PATHS = NO;
				CLANG_CXX_LANGUAGE_STANDARD = "gnu++0x";
				CLANG_CXX_LIBRARY = "libc++";
				CLANG_ENABLE_MODULES = YES;
				CLANG_ENABLE_OBJC_ARC = YES;
				CLANG_WARN_BOOL_CONVERSION = YES;
				CLANG_WARN_CONSTANT_CONVERSION = YES;
				CLANG_WARN_DIRECT_OBJC_ISA_USAGE = YES_ERROR;
				CLANG_WARN_EMPTY_BODY = YES;
				CLANG_WARN_ENUM_CONVERSION = YES;
				CLANG_WARN_INT_CONVERSION = YES;
				CLANG_WARN_OBJC_ROOT_CLASS = YES_ERROR;
				CLANG_WARN_UNREACHABLE_CODE = YES;
				CLANG_WARN__DUPLICATE_METHOD_MATCH = YES;
				"CODE_SIGN_IDENTITY[sdk=iphoneos*]" = "iPhone Developer";
				COPY_PHASE_STRIP = NO;
				DEBUG_INFORMATION_FORMAT = dwarf;
				ENABLE_STRICT_OBJC_MSGSEND = YES;
				ENABLE_TESTABILITY = YES;
				GCC_C_LANGUAGE_STANDARD = gnu99;
				GCC_DYNAMIC_NO_PIC = NO;
				GCC_NO_COMMON_BLOCKS = YES;
				GCC_OPTIMIZATION_LEVEL = 0;
				GCC_PREPROCESSOR_DEFINITIONS = (
					"DEBUG=1",
					"$(inherited)",
				);
				GCC_WARN_64_TO_32_BIT_CONVERSION = YES;
				GCC_WARN_ABOUT_RETURN_TYPE = YES_ERROR;
				GCC_WARN_UNDECLARED_SELECTOR = YES;
				GCC_WARN_UNINITIALIZED_AUTOS = YES_AGGRESSIVE;
				GCC_WARN_UNUSED_FUNCTION = YES;
				GCC_WARN_UNUSED_VARIABLE = YES;
				IPHONEOS_DEPLOYMENT_TARGET = 9.2;
				MTL_ENABLE_DEBUG_INFO = YES;
				ONLY_ACTIVE_ARCH = YES;
				SDKROOT = iphoneos;
			};
			name = Debug;
		};
		A6BD01BB1C2D146800A70298 /* Release */ = {
			isa = XCBuildConfiguration;
			buildSettings = {
				ALWAYS_SEARCH_USER_PATHS = NO;
				CLANG_CXX_LANGUAGE_STANDARD = "gnu++0x";
				CLANG_CXX_LIBRARY = "libc++";
				CLANG_ENABLE_MODULES = YES;
				CLANG_ENABLE_OBJC_ARC = YES;
				CLANG_WARN_BOOL_CONVERSION = YES;
				CLANG_WARN_CONSTANT_CONVERSION = YES;
				CLANG_WARN_DIRECT_OBJC_ISA_USAGE = YES_ERROR;
				CLANG_WARN_EMPTY_BODY = YES;
				CLANG_WARN_ENUM_CONVERSION = YES;
				CLANG_WARN_INT_CONVERSION = YES;
				CLANG_WARN_OBJC_ROOT_CLASS = YES_ERROR;
				CLANG_WARN_UNREACHABLE_CODE = YES;
				CLANG_WARN__DUPLICATE_METHOD_MATCH = YES;
				"CODE_SIGN_IDENTITY[sdk=iphoneos*]" = "iPhone Developer";
				COPY_PHASE_STRIP = NO;
				DEBUG_INFORMATION_FORMAT = "dwarf-with-dsym";
				ENABLE_NS_ASSERTIONS = NO;
				ENABLE_STRICT_OBJC_MSGSEND = YES;
				GCC_C_LANGUAGE_STANDARD = gnu99;
				GCC_NO_COMMON_BLOCKS = YES;
				GCC_WARN_64_TO_32_BIT_CONVERSION = YES;
				GCC_WARN_ABOUT_RETURN_TYPE = YES_ERROR;
				GCC_WARN_UNDECLARED_SELECTOR = YES;
				GCC_WARN_UNINITIALIZED_AUTOS = YES_AGGRESSIVE;
				GCC_WARN_UNUSED_FUNCTION = YES;
				GCC_WARN_UNUSED_VARIABLE = YES;
				IPHONEOS_DEPLOYMENT_TARGET = 9.2;
				MTL_ENABLE_DEBUG_INFO = NO;
				SDKROOT = iphoneos;
				VALIDATE_PRODUCT = YES;
			};
			name = Release;
		};
		A6BD01BD1C2D146800A70298 /* Debug */ = {
			isa = XCBuildConfiguration;
			baseConfigurationReference = 6460178D907905831B95796C /* Pods-WDCodeSnippetsProject.debug.xcconfig */;
			buildSettings = {
				ASSETCATALOG_COMPILER_APPICON_NAME = AppIcon;
				INFOPLIST_FILE = WDCodeSnippetsProject/Info.plist;
				LD_RUNPATH_SEARCH_PATHS = "$(inherited) @executable_path/Frameworks";
				PRODUCT_BUNDLE_IDENTIFIER = com.davidandty.WDCodeSnippetsProject;
				PRODUCT_NAME = "$(TARGET_NAME)";
			};
			name = Debug;
		};
		A6BD01BE1C2D146800A70298 /* Release */ = {
			isa = XCBuildConfiguration;
			baseConfigurationReference = FF59384394B38AF953709493 /* Pods-WDCodeSnippetsProject.release.xcconfig */;
			buildSettings = {
				ASSETCATALOG_COMPILER_APPICON_NAME = AppIcon;
				INFOPLIST_FILE = WDCodeSnippetsProject/Info.plist;
				LD_RUNPATH_SEARCH_PATHS = "$(inherited) @executable_path/Frameworks";
				PRODUCT_BUNDLE_IDENTIFIER = com.davidandty.WDCodeSnippetsProject;
				PRODUCT_NAME = "$(TARGET_NAME)";
			};
			name = Release;
		};
/* End XCBuildConfiguration section */

/* Begin XCConfigurationList section */
		A6BD01A01C2D146800A70298 /* Build configuration list for PBXProject "WDCodeSnippetsProject" */ = {
			isa = XCConfigurationList;
			buildConfigurations = (
				A6BD01BA1C2D146800A70298 /* Debug */,
				A6BD01BB1C2D146800A70298 /* Release */,
			);
			defaultConfigurationIsVisible = 0;
			defaultConfigurationName = Release;
		};
		A6BD01BC1C2D146800A70298 /* Build configuration list for PBXNativeTarget "WDCodeSnippetsProject" */ = {
			isa = XCConfigurationList;
			buildConfigurations = (
				A6BD01BD1C2D146800A70298 /* Debug */,
				A6BD01BE1C2D146800A70298 /* Release */,
			);
			defaultConfigurationIsVisible = 0;
			defaultConfigurationName = Release;
		};
/* End XCConfigurationList section */
	};
	rootObject = A6BD019D1C2D146800A70298 /* Project object */;
}
